# This file is automatically @generated by Cargo.
# It is not intended for manual editing.
version = 4

[[package]]
name = "a32_asm"
version = "0.1.0"
dependencies = [
 "a32_core",
]

[[package]]
name = "a32_core"
version = "0.1.0"

[[package]]
name = "hdl_cli"
version = "0.1.0"
dependencies = [
 "hdl_core",
]

[[package]]
name = "hdl_core"
version = "0.1.0"
